// !$*UTF8*$!
{
	archiveVersion = 1;
	classes = {
	};
	objectVersion = 56;
	objects = {

/* Begin PBXBuildFile section */
		1F85BDED2B4C7AE70049C1B9 /* AppDelegate.swift in Sources */ = {isa = PBXBuildFile; fileRef = 1F85BDEC2B4C7AE70049C1B9 /* AppDelegate.swift */; };
		1F85BDEF2B4C7AE70049C1B9 /* SceneDelegate.swift in Sources */ = {isa = PBXBuildFile; fileRef = 1F85BDEE2B4C7AE70049C1B9 /* SceneDelegate.swift */; };
		1F85BDF92B4C7AEA0049C1B9 /* Assets.xcassets in Resources */ = {isa = PBXBuildFile; fileRef = 1F85BDF82B4C7AEA0049C1B9 /* Assets.xcassets */; };
		1F85BDFC2B4C7AEA0049C1B9 /* LaunchScreen.storyboard in Resources */ = {isa = PBXBuildFile; fileRef = 1F85BDFA2B4C7AEA0049C1B9 /* LaunchScreen.storyboard */; };
		1F85BE042B4C8DFB0049C1B9 /* SearchVC.swift in Sources */ = {isa = PBXBuildFile; fileRef = 1F85BE032B4C8DFB0049C1B9 /* SearchVC.swift */; };
		1F85BE062B4C8E440049C1B9 /* FavoriteListVC.swift in Sources */ = {isa = PBXBuildFile; fileRef = 1F85BE052B4C8E440049C1B9 /* FavoriteListVC.swift */; };
		1F85BE082B4DE7CC0049C1B9 /* GFButton.swift in Sources */ = {isa = PBXBuildFile; fileRef = 1F85BE072B4DE7CC0049C1B9 /* GFButton.swift */; };
		1F85BE0A2B4DEBF90049C1B9 /* GFTextField.swift in Sources */ = {isa = PBXBuildFile; fileRef = 1F85BE092B4DEBF90049C1B9 /* GFTextField.swift */; };
		1F85BE0C2B4EF0850049C1B9 /* FollowerListVC.swift in Sources */ = {isa = PBXBuildFile; fileRef = 1F85BE0B2B4EF0850049C1B9 /* FollowerListVC.swift */; };
		1F85BE0E2B4F40280049C1B9 /* GFTitleLabel.swift in Sources */ = {isa = PBXBuildFile; fileRef = 1F85BE0D2B4F40280049C1B9 /* GFTitleLabel.swift */; };
		1F85BE102B4F42800049C1B9 /* GFBodyLabel.swift in Sources */ = {isa = PBXBuildFile; fileRef = 1F85BE0F2B4F42800049C1B9 /* GFBodyLabel.swift */; };
		1F85BE122B4F43C00049C1B9 /* GFAlertVC.swift in Sources */ = {isa = PBXBuildFile; fileRef = 1F85BE112B4F43C00049C1B9 /* GFAlertVC.swift */; };
		1F85BE142B5043530049C1B9 /* UIViewController+Ext.swift in Sources */ = {isa = PBXBuildFile; fileRef = 1F85BE132B5043530049C1B9 /* UIViewController+Ext.swift */; };
		1F85BE1B2B51BB3C0049C1B9 /* Follower.swift in Sources */ = {isa = PBXBuildFile; fileRef = 1F85BE1A2B51BB3C0049C1B9 /* Follower.swift */; };
		1F85BE1D2B51BC180049C1B9 /* User.swift in Sources */ = {isa = PBXBuildFile; fileRef = 1F85BE1C2B51BC180049C1B9 /* User.swift */; };
		1FCB92E62B59296F004A927B /* UIHelper.swift in Sources */ = {isa = PBXBuildFile; fileRef = 1FCB92E52B59296F004A927B /* UIHelper.swift */; };
		1FCB92EE2B597AB3004A927B /* GFEmptyStateView.swift in Sources */ = {isa = PBXBuildFile; fileRef = 1FCB92ED2B597AB3004A927B /* GFEmptyStateView.swift */; };
		1FCB92F02B5AE9C9004A927B /* UserInfoVC.swift in Sources */ = {isa = PBXBuildFile; fileRef = 1FCB92EF2B5AE9C9004A927B /* UserInfoVC.swift */; };
		1FCB92F22B5EAD09004A927B /* GFUserInfoHeaderVC.swift in Sources */ = {isa = PBXBuildFile; fileRef = 1FCB92F12B5EAD09004A927B /* GFUserInfoHeaderVC.swift */; };
		1FCB92F42B5EB33B004A927B /* GFSeconddaryTitleLabel.swift in Sources */ = {isa = PBXBuildFile; fileRef = 1FCB92F32B5EB33B004A927B /* GFSeconddaryTitleLabel.swift */; };
		1FCB92F62B5EE64F004A927B /* Constants.swift in Sources */ = {isa = PBXBuildFile; fileRef = 1FCB92F52B5EE64F004A927B /* Constants.swift */; };
		1FCB92F82B5FFE3F004A927B /* GFItemInfoView.swift in Sources */ = {isa = PBXBuildFile; fileRef = 1FCB92F72B5FFE3F004A927B /* GFItemInfoView.swift */; };
		1FCB92FA2B601F2B004A927B /* GFItemInfoVC.swift in Sources */ = {isa = PBXBuildFile; fileRef = 1FCB92F92B601F2B004A927B /* GFItemInfoVC.swift */; };
		1FCB92FC2B60260D004A927B /* GFRepoItemVC.swift in Sources */ = {isa = PBXBuildFile; fileRef = 1FCB92FB2B60260D004A927B /* GFRepoItemVC.swift */; };
		1FCB92FE2B602898004A927B /* GFFollowerItemVC.swift in Sources */ = {isa = PBXBuildFile; fileRef = 1FCB92FD2B602898004A927B /* GFFollowerItemVC.swift */; };
		1FCB93012B602EAE004A927B /* Date+Ext.swift in Sources */ = {isa = PBXBuildFile; fileRef = 1FCB93002B602EAE004A927B /* Date+Ext.swift */; };
		1FCB93032B602EFC004A927B /* String+Ext.swift in Sources */ = {isa = PBXBuildFile; fileRef = 1FCB93022B602EFC004A927B /* String+Ext.swift */; };
		1FCB93052B605CD8004A927B /* PersistanceManager.swift in Sources */ = {isa = PBXBuildFile; fileRef = 1FCB93042B605CD8004A927B /* PersistanceManager.swift */; };
		1FCB93072B61798E004A927B /* FavoriteCell.swift in Sources */ = {isa = PBXBuildFile; fileRef = 1FCB93062B61798E004A927B /* FavoriteCell.swift */; };
		1FCB930A2B61A726004A927B /* GFTabBarController.swift in Sources */ = {isa = PBXBuildFile; fileRef = 1FCB93092B61A726004A927B /* GFTabBarController.swift */; };
		1FCB930C2B63F792004A927B /* GFAlertContainerView.swift in Sources */ = {isa = PBXBuildFile; fileRef = 1FCB930B2B63F792004A927B /* GFAlertContainerView.swift */; };
		1FCB930E2B640D7B004A927B /* GFDataLoadingVC.swift in Sources */ = {isa = PBXBuildFile; fileRef = 1FCB930D2B640D7B004A927B /* GFDataLoadingVC.swift */; };
		1FCB93102B645725004A927B /* UIView+Ext.swift in Sources */ = {isa = PBXBuildFile; fileRef = 1FCB930F2B645725004A927B /* UIView+Ext.swift */; };
		1FCB93122B656BC1004A927B /* UITableView+Ext.swift in Sources */ = {isa = PBXBuildFile; fileRef = 1FCB93112B656BC1004A927B /* UITableView+Ext.swift */; };
		1FDC3C7A2B659A73000B8027 /* UITableViewCell+Ext.swift in Sources */ = {isa = PBXBuildFile; fileRef = 1FDC3C792B659A73000B8027 /* UITableViewCell+Ext.swift */; };
		1FDC3C7D2B6986CA000B8027 /* FollowerView.swift in Sources */ = {isa = PBXBuildFile; fileRef = 1FDC3C7C2B6986CA000B8027 /* FollowerView.swift */; };
		1FDC3C7F2B6D8C4C000B8027 /* LoginVC.swift in Sources */ = {isa = PBXBuildFile; fileRef = 1FDC3C7E2B6D8C4C000B8027 /* LoginVC.swift */; };
		1FDC3C812B703537000B8027 /* GFSecretTextField.swift in Sources */ = {isa = PBXBuildFile; fileRef = 1FDC3C802B703537000B8027 /* GFSecretTextField.swift */; };
		1FECD44D2B51D08C0050E74B /* NetworkManager.swift in Sources */ = {isa = PBXBuildFile; fileRef = 1FECD44C2B51D08C0050E74B /* NetworkManager.swift */; };
		1FECD4502B52C4A70050E74B /* GFErrorMessage.swift in Sources */ = {isa = PBXBuildFile; fileRef = 1FECD44F2B52C4A70050E74B /* GFErrorMessage.swift */; };
		1FECD4532B52D0E80050E74B /* FollowerCell.swift in Sources */ = {isa = PBXBuildFile; fileRef = 1FECD4522B52D0E80050E74B /* FollowerCell.swift */; };
		1FECD4552B52D1CE0050E74B /* GFAvatarImageView.swift in Sources */ = {isa = PBXBuildFile; fileRef = 1FECD4542B52D1CE0050E74B /* GFAvatarImageView.swift */; };
		1FF05EC72B754C840047B68C /* config.plist in Resources */ = {isa = PBXBuildFile; fileRef = 1FF05EC62B754C840047B68C /* config.plist */; };
/* End PBXBuildFile section */

/* Begin PBXFileReference section */
		1F85BDE92B4C7AE70049C1B9 /* GHFollowers.app */ = {isa = PBXFileReference; explicitFileType = wrapper.application; includeInIndex = 0; path = GHFollowers.app; sourceTree = BUILT_PRODUCTS_DIR; };
		1F85BDEC2B4C7AE70049C1B9 /* AppDelegate.swift */ = {isa = PBXFileReference; lastKnownFileType = sourcecode.swift; path = AppDelegate.swift; sourceTree = "<group>"; };
		1F85BDEE2B4C7AE70049C1B9 /* SceneDelegate.swift */ = {isa = PBXFileReference; lastKnownFileType = sourcecode.swift; path = SceneDelegate.swift; sourceTree = "<group>"; };
		1F85BDF82B4C7AEA0049C1B9 /* Assets.xcassets */ = {isa = PBXFileReference; lastKnownFileType = folder.assetcatalog; path = Assets.xcassets; sourceTree = "<group>"; };
		1F85BDFB2B4C7AEA0049C1B9 /* Base */ = {isa = PBXFileReference; lastKnownFileType = file.storyboard; name = Base; path = Base.lproj/LaunchScreen.storyboard; sourceTree = "<group>"; };
		1F85BDFD2B4C7AEA0049C1B9 /* Info.plist */ = {isa = PBXFileReference; lastKnownFileType = text.plist.xml; path = Info.plist; sourceTree = "<group>"; };
		1F85BE032B4C8DFB0049C1B9 /* SearchVC.swift */ = {isa = PBXFileReference; lastKnownFileType = sourcecode.swift; path = SearchVC.swift; sourceTree = "<group>"; };
		1F85BE052B4C8E440049C1B9 /* FavoriteListVC.swift */ = {isa = PBXFileReference; lastKnownFileType = sourcecode.swift; path = FavoriteListVC.swift; sourceTree = "<group>"; };
		1F85BE072B4DE7CC0049C1B9 /* GFButton.swift */ = {isa = PBXFileReference; lastKnownFileType = sourcecode.swift; path = GFButton.swift; sourceTree = "<group>"; };
		1F85BE092B4DEBF90049C1B9 /* GFTextField.swift */ = {isa = PBXFileReference; lastKnownFileType = sourcecode.swift; path = GFTextField.swift; sourceTree = "<group>"; };
		1F85BE0B2B4EF0850049C1B9 /* FollowerListVC.swift */ = {isa = PBXFileReference; lastKnownFileType = sourcecode.swift; path = FollowerListVC.swift; sourceTree = "<group>"; };
		1F85BE0D2B4F40280049C1B9 /* GFTitleLabel.swift */ = {isa = PBXFileReference; lastKnownFileType = sourcecode.swift; path = GFTitleLabel.swift; sourceTree = "<group>"; };
		1F85BE0F2B4F42800049C1B9 /* GFBodyLabel.swift */ = {isa = PBXFileReference; lastKnownFileType = sourcecode.swift; path = GFBodyLabel.swift; sourceTree = "<group>"; };
		1F85BE112B4F43C00049C1B9 /* GFAlertVC.swift */ = {isa = PBXFileReference; lastKnownFileType = sourcecode.swift; path = GFAlertVC.swift; sourceTree = "<group>"; };
		1F85BE132B5043530049C1B9 /* UIViewController+Ext.swift */ = {isa = PBXFileReference; lastKnownFileType = sourcecode.swift; path = "UIViewController+Ext.swift"; sourceTree = "<group>"; };
		1F85BE1A2B51BB3C0049C1B9 /* Follower.swift */ = {isa = PBXFileReference; lastKnownFileType = sourcecode.swift; path = Follower.swift; sourceTree = "<group>"; };
		1F85BE1C2B51BC180049C1B9 /* User.swift */ = {isa = PBXFileReference; lastKnownFileType = sourcecode.swift; path = User.swift; sourceTree = "<group>"; };
		1FCB92E52B59296F004A927B /* UIHelper.swift */ = {isa = PBXFileReference; lastKnownFileType = sourcecode.swift; path = UIHelper.swift; sourceTree = "<group>"; };
		1FCB92ED2B597AB3004A927B /* GFEmptyStateView.swift */ = {isa = PBXFileReference; lastKnownFileType = sourcecode.swift; path = GFEmptyStateView.swift; sourceTree = "<group>"; };
		1FCB92EF2B5AE9C9004A927B /* UserInfoVC.swift */ = {isa = PBXFileReference; lastKnownFileType = sourcecode.swift; path = UserInfoVC.swift; sourceTree = "<group>"; };
		1FCB92F12B5EAD09004A927B /* GFUserInfoHeaderVC.swift */ = {isa = PBXFileReference; lastKnownFileType = sourcecode.swift; path = GFUserInfoHeaderVC.swift; sourceTree = "<group>"; };
		1FCB92F32B5EB33B004A927B /* GFSeconddaryTitleLabel.swift */ = {isa = PBXFileReference; lastKnownFileType = sourcecode.swift; path = GFSeconddaryTitleLabel.swift; sourceTree = "<group>"; };
		1FCB92F52B5EE64F004A927B /* Constants.swift */ = {isa = PBXFileReference; lastKnownFileType = sourcecode.swift; path = Constants.swift; sourceTree = "<group>"; };
		1FCB92F72B5FFE3F004A927B /* GFItemInfoView.swift */ = {isa = PBXFileReference; lastKnownFileType = sourcecode.swift; path = GFItemInfoView.swift; sourceTree = "<group>"; };
		1FCB92F92B601F2B004A927B /* GFItemInfoVC.swift */ = {isa = PBXFileReference; lastKnownFileType = sourcecode.swift; path = GFItemInfoVC.swift; sourceTree = "<group>"; };
		1FCB92FB2B60260D004A927B /* GFRepoItemVC.swift */ = {isa = PBXFileReference; lastKnownFileType = sourcecode.swift; path = GFRepoItemVC.swift; sourceTree = "<group>"; };
		1FCB92FD2B602898004A927B /* GFFollowerItemVC.swift */ = {isa = PBXFileReference; lastKnownFileType = sourcecode.swift; path = GFFollowerItemVC.swift; sourceTree = "<group>"; };
		1FCB93002B602EAE004A927B /* Date+Ext.swift */ = {isa = PBXFileReference; lastKnownFileType = sourcecode.swift; path = "Date+Ext.swift"; sourceTree = "<group>"; };
		1FCB93022B602EFC004A927B /* String+Ext.swift */ = {isa = PBXFileReference; lastKnownFileType = sourcecode.swift; path = "String+Ext.swift"; sourceTree = "<group>"; };
		1FCB93042B605CD8004A927B /* PersistanceManager.swift */ = {isa = PBXFileReference; lastKnownFileType = sourcecode.swift; path = PersistanceManager.swift; sourceTree = "<group>"; };
		1FCB93062B61798E004A927B /* FavoriteCell.swift */ = {isa = PBXFileReference; lastKnownFileType = sourcecode.swift; path = FavoriteCell.swift; sourceTree = "<group>"; };
		1FCB93092B61A726004A927B /* GFTabBarController.swift */ = {isa = PBXFileReference; lastKnownFileType = sourcecode.swift; path = GFTabBarController.swift; sourceTree = "<group>"; };
		1FCB930B2B63F792004A927B /* GFAlertContainerView.swift */ = {isa = PBXFileReference; lastKnownFileType = sourcecode.swift; path = GFAlertContainerView.swift; sourceTree = "<group>"; };
		1FCB930D2B640D7B004A927B /* GFDataLoadingVC.swift */ = {isa = PBXFileReference; lastKnownFileType = sourcecode.swift; path = GFDataLoadingVC.swift; sourceTree = "<group>"; };
		1FCB930F2B645725004A927B /* UIView+Ext.swift */ = {isa = PBXFileReference; lastKnownFileType = sourcecode.swift; path = "UIView+Ext.swift"; sourceTree = "<group>"; };
		1FCB93112B656BC1004A927B /* UITableView+Ext.swift */ = {isa = PBXFileReference; lastKnownFileType = sourcecode.swift; path = "UITableView+Ext.swift"; sourceTree = "<group>"; };
		1FDC3C792B659A73000B8027 /* UITableViewCell+Ext.swift */ = {isa = PBXFileReference; lastKnownFileType = sourcecode.swift; path = "UITableViewCell+Ext.swift"; sourceTree = "<group>"; };
		1FDC3C7C2B6986CA000B8027 /* FollowerView.swift */ = {isa = PBXFileReference; lastKnownFileType = sourcecode.swift; path = FollowerView.swift; sourceTree = "<group>"; };
		1FDC3C7E2B6D8C4C000B8027 /* LoginVC.swift */ = {isa = PBXFileReference; lastKnownFileType = sourcecode.swift; path = LoginVC.swift; sourceTree = "<group>"; };
		1FDC3C802B703537000B8027 /* GFSecretTextField.swift */ = {isa = PBXFileReference; lastKnownFileType = sourcecode.swift; path = GFSecretTextField.swift; sourceTree = "<group>"; };
		1FECD44C2B51D08C0050E74B /* NetworkManager.swift */ = {isa = PBXFileReference; lastKnownFileType = sourcecode.swift; path = NetworkManager.swift; sourceTree = "<group>"; };
		1FECD44F2B52C4A70050E74B /* GFErrorMessage.swift */ = {isa = PBXFileReference; lastKnownFileType = sourcecode.swift; path = GFErrorMessage.swift; sourceTree = "<group>"; };
		1FECD4522B52D0E80050E74B /* FollowerCell.swift */ = {isa = PBXFileReference; lastKnownFileType = sourcecode.swift; path = FollowerCell.swift; sourceTree = "<group>"; };
		1FECD4542B52D1CE0050E74B /* GFAvatarImageView.swift */ = {isa = PBXFileReference; lastKnownFileType = sourcecode.swift; path = GFAvatarImageView.swift; sourceTree = "<group>"; };
		1FF05EC62B754C840047B68C /* config.plist */ = {isa = PBXFileReference; lastKnownFileType = text.plist; path = config.plist; sourceTree = "<group>"; };
/* End PBXFileReference section */

/* Begin PBXFrameworksBuildPhase section */
		1F85BDE62B4C7AE70049C1B9 /* Frameworks */ = {
			isa = PBXFrameworksBuildPhase;
			buildActionMask = 2147483647;
			files = (
			);
			runOnlyForDeploymentPostprocessing = 0;
		};
/* End PBXFrameworksBuildPhase section */

/* Begin PBXGroup section */
		1F85BDE02B4C7AE70049C1B9 = {
			isa = PBXGroup;
			children = (
				1F85BDEB2B4C7AE70049C1B9 /* GHFollowers */,
				1F85BDEA2B4C7AE70049C1B9 /* Products */,
			);
			sourceTree = "<group>";
		};
		1F85BDEA2B4C7AE70049C1B9 /* Products */ = {
			isa = PBXGroup;
			children = (
				1F85BDE92B4C7AE70049C1B9 /* GHFollowers.app */,
			);
			name = Products;
			sourceTree = "<group>";
		};
		1F85BDEB2B4C7AE70049C1B9 /* GHFollowers */ = {
			isa = PBXGroup;
			children = (
				1FECD44E2B52C48B0050E74B /* Utilities */,
				1FECD44B2B51D0700050E74B /* Managers */,
				1F85BE192B51BB200049C1B9 /* Model */,
				1F85BE172B5191280049C1B9 /* Extensions */,
				1F85BE162B51905D0049C1B9 /* Custom Views */,
				1F85BE152B518FF80049C1B9 /* Screens */,
				1F85BE182B51926F0049C1B9 /* Support */,
				1F85BDFD2B4C7AEA0049C1B9 /* Info.plist */,
				1FF05EC62B754C840047B68C /* config.plist */,
			);
			path = GHFollowers;
			sourceTree = "<group>";
		};
		1F85BE152B518FF80049C1B9 /* Screens */ = {
			isa = PBXGroup;
			children = (
				1F85BE032B4C8DFB0049C1B9 /* SearchVC.swift */,
				1FDC3C7E2B6D8C4C000B8027 /* LoginVC.swift */,
				1F85BE052B4C8E440049C1B9 /* FavoriteListVC.swift */,
				1F85BE0B2B4EF0850049C1B9 /* FollowerListVC.swift */,
				1FCB92EF2B5AE9C9004A927B /* UserInfoVC.swift */,
			);
			path = Screens;
			sourceTree = "<group>";
		};
		1F85BE162B51905D0049C1B9 /* Custom Views */ = {
			isa = PBXGroup;
			children = (
				1FCB93082B61A6F3004A927B /* TabBarControllers */,
				1FCB92EC2B597A7D004A927B /* ImageViews */,
				1FCB92EB2B597A24004A927B /* ViewControllers */,
				1FCB92EA2B5979EB004A927B /* Labels */,
				1FCB92E92B5979E2004A927B /* TextFields */,
				1FCB92E82B5979D0004A927B /* Buttons */,
				1FCB92E72B5979C0004A927B /* Views */,
				1FECD4512B52D09E0050E74B /* Cells */,
			);
			path = "Custom Views";
			sourceTree = "<group>";
		};
		1F85BE172B5191280049C1B9 /* Extensions */ = {
			isa = PBXGroup;
			children = (
				1F85BE132B5043530049C1B9 /* UIViewController+Ext.swift */,
				1FCB93002B602EAE004A927B /* Date+Ext.swift */,
				1FCB93022B602EFC004A927B /* String+Ext.swift */,
				1FCB930F2B645725004A927B /* UIView+Ext.swift */,
				1FCB93112B656BC1004A927B /* UITableView+Ext.swift */,
				1FDC3C792B659A73000B8027 /* UITableViewCell+Ext.swift */,
			);
			path = Extensions;
			sourceTree = "<group>";
		};
		1F85BE182B51926F0049C1B9 /* Support */ = {
			isa = PBXGroup;
			children = (
				1F85BDEC2B4C7AE70049C1B9 /* AppDelegate.swift */,
				1F85BDEE2B4C7AE70049C1B9 /* SceneDelegate.swift */,
				1F85BDF82B4C7AEA0049C1B9 /* Assets.xcassets */,
				1F85BDFA2B4C7AEA0049C1B9 /* LaunchScreen.storyboard */,
			);
			path = Support;
			sourceTree = "<group>";
		};
		1F85BE192B51BB200049C1B9 /* Model */ = {
			isa = PBXGroup;
			children = (
				1F85BE1A2B51BB3C0049C1B9 /* Follower.swift */,
				1F85BE1C2B51BC180049C1B9 /* User.swift */,
			);
			path = Model;
			sourceTree = "<group>";
		};
		1FCB92E72B5979C0004A927B /* Views */ = {
			isa = PBXGroup;
			children = (
				1FCB92ED2B597AB3004A927B /* GFEmptyStateView.swift */,
				1FCB92F72B5FFE3F004A927B /* GFItemInfoView.swift */,
				1FCB930B2B63F792004A927B /* GFAlertContainerView.swift */,
			);
			path = Views;
			sourceTree = "<group>";
		};
		1FCB92E82B5979D0004A927B /* Buttons */ = {
			isa = PBXGroup;
			children = (
				1F85BE072B4DE7CC0049C1B9 /* GFButton.swift */,
			);
			path = Buttons;
			sourceTree = "<group>";
		};
		1FCB92E92B5979E2004A927B /* TextFields */ = {
			isa = PBXGroup;
			children = (
				1F85BE092B4DEBF90049C1B9 /* GFTextField.swift */,
				1FDC3C802B703537000B8027 /* GFSecretTextField.swift */,
			);
			path = TextFields;
			sourceTree = "<group>";
		};
		1FCB92EA2B5979EB004A927B /* Labels */ = {
			isa = PBXGroup;
			children = (
				1F85BE0D2B4F40280049C1B9 /* GFTitleLabel.swift */,
				1F85BE0F2B4F42800049C1B9 /* GFBodyLabel.swift */,
				1FCB92F32B5EB33B004A927B /* GFSeconddaryTitleLabel.swift */,
			);
			path = Labels;
			sourceTree = "<group>";
		};
		1FCB92EB2B597A24004A927B /* ViewControllers */ = {
			isa = PBXGroup;
			children = (
				1FCB92FF2B602935004A927B /* ItemInfoVCs */,
				1F85BE112B4F43C00049C1B9 /* GFAlertVC.swift */,
				1FCB92F12B5EAD09004A927B /* GFUserInfoHeaderVC.swift */,
				1FCB930D2B640D7B004A927B /* GFDataLoadingVC.swift */,
			);
			path = ViewControllers;
			sourceTree = "<group>";
		};
		1FCB92EC2B597A7D004A927B /* ImageViews */ = {
			isa = PBXGroup;
			children = (
				1FECD4542B52D1CE0050E74B /* GFAvatarImageView.swift */,
			);
			path = ImageViews;
			sourceTree = "<group>";
		};
		1FCB92FF2B602935004A927B /* ItemInfoVCs */ = {
			isa = PBXGroup;
			children = (
				1FCB92F92B601F2B004A927B /* GFItemInfoVC.swift */,
				1FCB92FB2B60260D004A927B /* GFRepoItemVC.swift */,
				1FCB92FD2B602898004A927B /* GFFollowerItemVC.swift */,
			);
			path = ItemInfoVCs;
			sourceTree = "<group>";
		};
		1FCB93082B61A6F3004A927B /* TabBarControllers */ = {
			isa = PBXGroup;
			children = (
				1FCB93092B61A726004A927B /* GFTabBarController.swift */,
			);
			path = TabBarControllers;
			sourceTree = "<group>";
		};
		1FDC3C7B2B6986A0000B8027 /* FollowerCell */ = {
			isa = PBXGroup;
			children = (
				1FECD4522B52D0E80050E74B /* FollowerCell.swift */,
				1FDC3C7C2B6986CA000B8027 /* FollowerView.swift */,
			);
			path = FollowerCell;
			sourceTree = "<group>";
		};
		1FECD44B2B51D0700050E74B /* Managers */ = {
			isa = PBXGroup;
			children = (
				1FECD44C2B51D08C0050E74B /* NetworkManager.swift */,
				1FCB93042B605CD8004A927B /* PersistanceManager.swift */,
			);
			path = Managers;
			sourceTree = "<group>";
		};
		1FECD44E2B52C48B0050E74B /* Utilities */ = {
			isa = PBXGroup;
			children = (
				1FECD44F2B52C4A70050E74B /* GFErrorMessage.swift */,
				1FCB92E52B59296F004A927B /* UIHelper.swift */,
				1FCB92F52B5EE64F004A927B /* Constants.swift */,
			);
			path = Utilities;
			sourceTree = "<group>";
		};
		1FECD4512B52D09E0050E74B /* Cells */ = {
			isa = PBXGroup;
			children = (
				1FDC3C7B2B6986A0000B8027 /* FollowerCell */,
				1FCB93062B61798E004A927B /* FavoriteCell.swift */,
			);
			path = Cells;
			sourceTree = "<group>";
		};
/* End PBXGroup section */

/* Begin PBXNativeTarget section */
		1F85BDE82B4C7AE70049C1B9 /* GHFollowers */ = {
			isa = PBXNativeTarget;
			buildConfigurationList = 1F85BE002B4C7AEA0049C1B9 /* Build configuration list for PBXNativeTarget "GHFollowers" */;
			buildPhases = (
				1F85BDE52B4C7AE70049C1B9 /* Sources */,
				1F85BDE62B4C7AE70049C1B9 /* Frameworks */,
				1F85BDE72B4C7AE70049C1B9 /* Resources */,
			);
			buildRules = (
			);
			dependencies = (
			);
			name = GHFollowers;
			productName = GHFollowers;
			productReference = 1F85BDE92B4C7AE70049C1B9 /* GHFollowers.app */;
			productType = "com.apple.product-type.application";
		};
/* End PBXNativeTarget section */

/* Begin PBXProject section */
		1F85BDE12B4C7AE70049C1B9 /* Project object */ = {
			isa = PBXProject;
			attributes = {
				BuildIndependentTargetsInParallel = 1;
				LastSwiftUpdateCheck = 1510;
				LastUpgradeCheck = 1510;
				TargetAttributes = {
					1F85BDE82B4C7AE70049C1B9 = {
						CreatedOnToolsVersion = 15.1;
					};
				};
			};
			buildConfigurationList = 1F85BDE42B4C7AE70049C1B9 /* Build configuration list for PBXProject "GHFollowers" */;
			compatibilityVersion = "Xcode 14.0";
			developmentRegion = en;
			hasScannedForEncodings = 0;
			knownRegions = (
				en,
				Base,
			);
			mainGroup = 1F85BDE02B4C7AE70049C1B9;
			productRefGroup = 1F85BDEA2B4C7AE70049C1B9 /* Products */;
			projectDirPath = "";
			projectRoot = "";
			targets = (
				1F85BDE82B4C7AE70049C1B9 /* GHFollowers */,
			);
		};
/* End PBXProject section */

/* Begin PBXResourcesBuildPhase section */
		1F85BDE72B4C7AE70049C1B9 /* Resources */ = {
			isa = PBXResourcesBuildPhase;
			buildActionMask = 2147483647;
			files = (
				1F85BDFC2B4C7AEA0049C1B9 /* LaunchScreen.storyboard in Resources */,
				1FF05EC72B754C840047B68C /* config.plist in Resources */,
				1F85BDF92B4C7AEA0049C1B9 /* Assets.xcassets in Resources */,
			);
			runOnlyForDeploymentPostprocessing = 0;
		};
/* End PBXResourcesBuildPhase section */

/* Begin PBXSourcesBuildPhase section */
		1F85BDE52B4C7AE70049C1B9 /* Sources */ = {
			isa = PBXSourcesBuildPhase;
			buildActionMask = 2147483647;
			files = (
				1F85BE1D2B51BC180049C1B9 /* User.swift in Sources */,
				1FECD4502B52C4A70050E74B /* GFErrorMessage.swift in Sources */,
				1F85BE042B4C8DFB0049C1B9 /* SearchVC.swift in Sources */,
				1FCB93032B602EFC004A927B /* String+Ext.swift in Sources */,
				1F85BE142B5043530049C1B9 /* UIViewController+Ext.swift in Sources */,
				1F85BE082B4DE7CC0049C1B9 /* GFButton.swift in Sources */,
				1FCB930E2B640D7B004A927B /* GFDataLoadingVC.swift in Sources */,
				1FCB92E62B59296F004A927B /* UIHelper.swift in Sources */,
				1FCB92FA2B601F2B004A927B /* GFItemInfoVC.swift in Sources */,
				1FCB92F62B5EE64F004A927B /* Constants.swift in Sources */,
				1FECD4552B52D1CE0050E74B /* GFAvatarImageView.swift in Sources */,
				1F85BE062B4C8E440049C1B9 /* FavoriteListVC.swift in Sources */,
				1F85BDED2B4C7AE70049C1B9 /* AppDelegate.swift in Sources */,
				1FCB93122B656BC1004A927B /* UITableView+Ext.swift in Sources */,
				1FDC3C7A2B659A73000B8027 /* UITableViewCell+Ext.swift in Sources */,
				1FCB92FE2B602898004A927B /* GFFollowerItemVC.swift in Sources */,
				1FCB92F82B5FFE3F004A927B /* GFItemInfoView.swift in Sources */,
				1FCB93072B61798E004A927B /* FavoriteCell.swift in Sources */,
				1FECD4532B52D0E80050E74B /* FollowerCell.swift in Sources */,
				1FCB930A2B61A726004A927B /* GFTabBarController.swift in Sources */,
				1FCB93052B605CD8004A927B /* PersistanceManager.swift in Sources */,
				1FCB930C2B63F792004A927B /* GFAlertContainerView.swift in Sources */,
				1F85BE122B4F43C00049C1B9 /* GFAlertVC.swift in Sources */,
				1FCB92F22B5EAD09004A927B /* GFUserInfoHeaderVC.swift in Sources */,
				1FDC3C7D2B6986CA000B8027 /* FollowerView.swift in Sources */,
				1F85BDEF2B4C7AE70049C1B9 /* SceneDelegate.swift in Sources */,
				1F85BE1B2B51BB3C0049C1B9 /* Follower.swift in Sources */,
				1F85BE0E2B4F40280049C1B9 /* GFTitleLabel.swift in Sources */,
				1FCB93012B602EAE004A927B /* Date+Ext.swift in Sources */,
				1FCB92EE2B597AB3004A927B /* GFEmptyStateView.swift in Sources */,
				1FECD44D2B51D08C0050E74B /* NetworkManager.swift in Sources */,
				1F85BE0C2B4EF0850049C1B9 /* FollowerListVC.swift in Sources */,
				1FCB92F42B5EB33B004A927B /* GFSeconddaryTitleLabel.swift in Sources */,
				1F85BE0A2B4DEBF90049C1B9 /* GFTextField.swift in Sources */,
				1F85BE102B4F42800049C1B9 /* GFBodyLabel.swift in Sources */,
				1FDC3C7F2B6D8C4C000B8027 /* LoginVC.swift in Sources */,
				1FCB93102B645725004A927B /* UIView+Ext.swift in Sources */,
				1FCB92FC2B60260D004A927B /* GFRepoItemVC.swift in Sources */,
				1FDC3C812B703537000B8027 /* GFSecretTextField.swift in Sources */,
				1FCB92F02B5AE9C9004A927B /* UserInfoVC.swift in Sources */,
			);
			runOnlyForDeploymentPostprocessing = 0;
		};
/* End PBXSourcesBuildPhase section */

/* Begin PBXVariantGroup section */
		1F85BDFA2B4C7AEA0049C1B9 /* LaunchScreen.storyboard */ = {
			isa = PBXVariantGroup;
			children = (
				1F85BDFB2B4C7AEA0049C1B9 /* Base */,
			);
			name = LaunchScreen.storyboard;
			sourceTree = "<group>";
		};
/* End PBXVariantGroup section */

/* Begin XCBuildConfiguration section */
		1F85BDFE2B4C7AEA0049C1B9 /* Debug */ = {
			isa = XCBuildConfiguration;
			buildSettings = {
				ALWAYS_SEARCH_USER_PATHS = NO;
				ASSETCATALOG_COMPILER_GENERATE_SWIFT_ASSET_SYMBOL_EXTENSIONS = YES;
				CLANG_ANALYZER_NONNULL = YES;
				CLANG_ANALYZER_NUMBER_OBJECT_CONVERSION = YES_AGGRESSIVE;
				CLANG_CXX_LANGUAGE_STANDARD = "gnu++20";
				CLANG_ENABLE_MODULES = YES;
				CLANG_ENABLE_OBJC_ARC = YES;
				CLANG_ENABLE_OBJC_WEAK = YES;
				CLANG_WARN_BLOCK_CAPTURE_AUTORELEASING = YES;
				CLANG_WARN_BOOL_CONVERSION = YES;
				CLANG_WARN_COMMA = YES;
				CLANG_WARN_CONSTANT_CONVERSION = YES;
				CLANG_WARN_DEPRECATED_OBJC_IMPLEMENTATIONS = YES;
				CLANG_WARN_DIRECT_OBJC_ISA_USAGE = YES_ERROR;
				CLANG_WARN_DOCUMENTATION_COMMENTS = YES;
				CLANG_WARN_EMPTY_BODY = YES;
				CLANG_WARN_ENUM_CONVERSION = YES;
				CLANG_WARN_INFINITE_RECURSION = YES;
				CLANG_WARN_INT_CONVERSION = YES;
				CLANG_WARN_NON_LITERAL_NULL_CONVERSION = YES;
				CLANG_WARN_OBJC_IMPLICIT_RETAIN_SELF = YES;
				CLANG_WARN_OBJC_LITERAL_CONVERSION = YES;
				CLANG_WARN_OBJC_ROOT_CLASS = YES_ERROR;
				CLANG_WARN_QUOTED_INCLUDE_IN_FRAMEWORK_HEADER = YES;
				CLANG_WARN_RANGE_LOOP_ANALYSIS = YES;
				CLANG_WARN_STRICT_PROTOTYPES = YES;
				CLANG_WARN_SUSPICIOUS_MOVE = YES;
				CLANG_WARN_UNGUARDED_AVAILABILITY = YES_AGGRESSIVE;
				CLANG_WARN_UNREACHABLE_CODE = YES;
				CLANG_WARN__DUPLICATE_METHOD_MATCH = YES;
				COPY_PHASE_STRIP = NO;
				DEBUG_INFORMATION_FORMAT = dwarf;
				ENABLE_STRICT_OBJC_MSGSEND = YES;
				ENABLE_TESTABILITY = YES;
				ENABLE_USER_SCRIPT_SANDBOXING = YES;
				GCC_C_LANGUAGE_STANDARD = gnu17;
				GCC_DYNAMIC_NO_PIC = NO;
				GCC_NO_COMMON_BLOCKS = YES;
				GCC_OPTIMIZATION_LEVEL = 0;
				GCC_PREPROCESSOR_DEFINITIONS = (
					"DEBUG=1",
					"$(inherited)",
				);
				GCC_WARN_64_TO_32_BIT_CONVERSION = YES;
				GCC_WARN_ABOUT_RETURN_TYPE = YES_ERROR;
				GCC_WARN_UNDECLARED_SELECTOR = YES;
				GCC_WARN_UNINITIALIZED_AUTOS = YES_AGGRESSIVE;
				GCC_WARN_UNUSED_FUNCTION = YES;
				GCC_WARN_UNUSED_VARIABLE = YES;
				IPHONEOS_DEPLOYMENT_TARGET = 17.0;
				LOCALIZATION_PREFERS_STRING_CATALOGS = YES;
				MTL_ENABLE_DEBUG_INFO = INCLUDE_SOURCE;
				MTL_FAST_MATH = YES;
				ONLY_ACTIVE_ARCH = YES;
				SDKROOT = iphoneos;
				SWIFT_ACTIVE_COMPILATION_CONDITIONS = "DEBUG $(inherited)";
				SWIFT_OPTIMIZATION_LEVEL = "-Onone";
			};
			name = Debug;
		};
		1F85BDFF2B4C7AEA0049C1B9 /* Release */ = {
			isa = XCBuildConfiguration;
			buildSettings = {
				ALWAYS_SEARCH_USER_PATHS = NO;
				ASSETCATALOG_COMPILER_GENERATE_SWIFT_ASSET_SYMBOL_EXTENSIONS = YES;
				CLANG_ANALYZER_NONNULL = YES;
				CLANG_ANALYZER_NUMBER_OBJECT_CONVERSION = YES_AGGRESSIVE;
				CLANG_CXX_LANGUAGE_STANDARD = "gnu++20";
				CLANG_ENABLE_MODULES = YES;
				CLANG_ENABLE_OBJC_ARC = YES;
				CLANG_ENABLE_OBJC_WEAK = YES;
				CLANG_WARN_BLOCK_CAPTURE_AUTORELEASING = YES;
				CLANG_WARN_BOOL_CONVERSION = YES;
				CLANG_WARN_COMMA = YES;
				CLANG_WARN_CONSTANT_CONVERSION = YES;
				CLANG_WARN_DEPRECATED_OBJC_IMPLEMENTATIONS = YES;
				CLANG_WARN_DIRECT_OBJC_ISA_USAGE = YES_ERROR;
				CLANG_WARN_DOCUMENTATION_COMMENTS = YES;
				CLANG_WARN_EMPTY_BODY = YES;
				CLANG_WARN_ENUM_CONVERSION = YES;
				CLANG_WARN_INFINITE_RECURSION = YES;
				CLANG_WARN_INT_CONVERSION = YES;
				CLANG_WARN_NON_LITERAL_NULL_CONVERSION = YES;
				CLANG_WARN_OBJC_IMPLICIT_RETAIN_SELF = YES;
				CLANG_WARN_OBJC_LITERAL_CONVERSION = YES;
				CLANG_WARN_OBJC_ROOT_CLASS = YES_ERROR;
				CLANG_WARN_QUOTED_INCLUDE_IN_FRAMEWORK_HEADER = YES;
				CLANG_WARN_RANGE_LOOP_ANALYSIS = YES;
				CLANG_WARN_STRICT_PROTOTYPES = YES;
				CLANG_WARN_SUSPICIOUS_MOVE = YES;
				CLANG_WARN_UNGUARDED_AVAILABILITY = YES_AGGRESSIVE;
				CLANG_WARN_UNREACHABLE_CODE = YES;
				CLANG_WARN__DUPLICATE_METHOD_MATCH = YES;
				COPY_PHASE_STRIP = NO;
				DEBUG_INFORMATION_FORMAT = "dwarf-with-dsym";
				ENABLE_NS_ASSERTIONS = NO;
				ENABLE_STRICT_OBJC_MSGSEND = YES;
				ENABLE_USER_SCRIPT_SANDBOXING = YES;
				GCC_C_LANGUAGE_STANDARD = gnu17;
				GCC_NO_COMMON_BLOCKS = YES;
				GCC_WARN_64_TO_32_BIT_CONVERSION = YES;
				GCC_WARN_ABOUT_RETURN_TYPE = YES_ERROR;
				GCC_WARN_UNDECLARED_SELECTOR = YES;
				GCC_WARN_UNINITIALIZED_AUTOS = YES_AGGRESSIVE;
				GCC_WARN_UNUSED_FUNCTION = YES;
				GCC_WARN_UNUSED_VARIABLE = YES;
				IPHONEOS_DEPLOYMENT_TARGET = 17.0;
				LOCALIZATION_PREFERS_STRING_CATALOGS = YES;
				MTL_ENABLE_DEBUG_INFO = NO;
				MTL_FAST_MATH = YES;
				SDKROOT = iphoneos;
				SWIFT_COMPILATION_MODE = wholemodule;
				VALIDATE_PRODUCT = YES;
			};
			name = Release;
		};
		1F85BE012B4C7AEA0049C1B9 /* Debug */ = {
			isa = XCBuildConfiguration;
			buildSettings = {
				ASSETCATALOG_COMPILER_APPICON_NAME = AppIcon;
				ASSETCATALOG_COMPILER_GLOBAL_ACCENT_COLOR_NAME = AccentColor;
				CODE_SIGN_STYLE = Automatic;
				CURRENT_PROJECT_VERSION = 1;
				DEVELOPMENT_TEAM = P3K32DW2KW;
				GENERATE_INFOPLIST_FILE = YES;
				INFOPLIST_FILE = GHFollowers/Info.plist;
				INFOPLIST_KEY_UIApplicationSupportsIndirectInputEvents = YES;
				INFOPLIST_KEY_UILaunchStoryboardName = LaunchScreen;
				INFOPLIST_KEY_UISupportedInterfaceOrientations = UIInterfaceOrientationPortrait;
				IPHONEOS_DEPLOYMENT_TARGET = 17.0;
				LD_RUNPATH_SEARCH_PATHS = (
					"$(inherited)",
					"@executable_path/Frameworks",
				);
				MARKETING_VERSION = 1.0;
				PRODUCT_BUNDLE_IDENTIFIER = cz.marcel.GHFollowers;
				PRODUCT_NAME = "$(TARGET_NAME)";
				SWIFT_EMIT_LOC_STRINGS = YES;
				SWIFT_VERSION = 5.0;
				TARGETED_DEVICE_FAMILY = "1,2";
			};
			name = Debug;
		};
		1F85BE022B4C7AEA0049C1B9 /* Release */ = {
			isa = XCBuildConfiguration;
			buildSettings = {
				ASSETCATALOG_COMPILER_APPICON_NAME = AppIcon;
				ASSETCATALOG_COMPILER_GLOBAL_ACCENT_COLOR_NAME = AccentColor;
				CODE_SIGN_STYLE = Automatic;
				CURRENT_PROJECT_VERSION = 1;
				DEVELOPMENT_TEAM = P3K32DW2KW;
				GENERATE_INFOPLIST_FILE = YES;
				INFOPLIST_FILE = GHFollowers/Info.plist;
				INFOPLIST_KEY_UIApplicationSupportsIndirectInputEvents = YES;
				INFOPLIST_KEY_UILaunchStoryboardName = LaunchScreen;
				INFOPLIST_KEY_UISupportedInterfaceOrientations = UIInterfaceOrientationPortrait;
				IPHONEOS_DEPLOYMENT_TARGET = 17.0;
				LD_RUNPATH_SEARCH_PATHS = (
					"$(inherited)",
					"@executable_path/Frameworks",
				);
				MARKETING_VERSION = 1.0;
				PRODUCT_BUNDLE_IDENTIFIER = cz.marcel.GHFollowers;
				PRODUCT_NAME = "$(TARGET_NAME)";
				SWIFT_EMIT_LOC_STRINGS = YES;
				SWIFT_VERSION = 5.0;
				TARGETED_DEVICE_FAMILY = "1,2";
			};
			name = Release;
		};
/* End XCBuildConfiguration section */

/* Begin XCConfigurationList section */
		1F85BDE42B4C7AE70049C1B9 /* Build configuration list for PBXProject "GHFollowers" */ = {
			isa = XCConfigurationList;
			buildConfigurations = (
				1F85BDFE2B4C7AEA0049C1B9 /* Debug */,
				1F85BDFF2B4C7AEA0049C1B9 /* Release */,
			);
			defaultConfigurationIsVisible = 0;
			defaultConfigurationName = Release;
		};
		1F85BE002B4C7AEA0049C1B9 /* Build configuration list for PBXNativeTarget "GHFollowers" */ = {
			isa = XCConfigurationList;
			buildConfigurations = (
				1F85BE012B4C7AEA0049C1B9 /* Debug */,
				1F85BE022B4C7AEA0049C1B9 /* Release */,
			);
			defaultConfigurationIsVisible = 0;
			defaultConfigurationName = Release;
		};
/* End XCConfigurationList section */
	};
	rootObject = 1F85BDE12B4C7AE70049C1B9 /* Project object */;
}
